
Microsoft Visual Studio Solution File, Format Version 12.00
# Visual Studio Version 16
VisualStudioVersion = 16.0.32510.428
MinimumVisualStudioVersion = 10.0.40219.1
Project("{FAE04EC0-301F-11D3-BF4B-00C04F79EFBC}") = "CloudDemoAppln515", "CloudDemoAppln515\CloudDemoAppln515.csproj", "{01EF2219-4A52-48B1-B5A1-2F6B492DEFAF}"
EndProject
Global
	GlobalSection(SolutionConfigurationPlatforms) = preSolution
		Debug|Any CPU = Debug|Any CPU
		Release|Any CPU = Release|Any CPU
	EndGlobalSection
	GlobalSection(ProjectConfigurationPlatforms) = postSolution
		{01EF2219-4A52-48B1-B5A1-2F6B492DEFAF}.Debug|Any CPU.ActiveCfg = Debug|Any CPU
		{01EF2219-4A52-48B1-B5A1-2F6B492DEFAF}.Debug|Any CPU.Build.0 = Debug|Any CPU
		{01EF2219-4A52-48B1-B5A1-2F6B492DEFAF}.Release|Any CPU.ActiveCfg = Release|Any CPU
		{01EF2219-4A52-48B1-B5A1-2F6B492DEFAF}.Release|Any CPU.Build.0 = Release|Any CPU
	EndGlobalSection
	GlobalSection(SolutionProperties) = preSolution
		HideSolutionNode = FALSE
	EndGlobalSection
	GlobalSection(ExtensibilityGlobals) = postSolution
		SolutionGuid = {ECD0E8EE-9AA2-42B1-A748-8BA148B7EC32}
	EndGlobalSection
EndGlobal
